
Microsoft Visual Studio Solution File, Format Version 12.00
# Visual Studio 15
VisualStudioVersion = 15.0.28307.572
MinimumVisualStudioVersion = 10.0.40219.1
Project("{8BC9CEB8-8B4A-11D0-8D11-00A0C91BC942}") = "maman15Client", "maman15Client\maman15Client.vcxproj", "{963CAD8B-8B53-4C2E-8652-899EC7268123}"
EndProject
Global
	GlobalSection(SolutionConfigurationPlatforms) = preSolution
		Debug|x64 = Debug|x64
		Debug|x86 = Debug|x86
		Release|x64 = Release|x64
		Release|x86 = Release|x86
	EndGlobalSection
	GlobalSection(ProjectConfigurationPlatforms) = postSolution
		{963CAD8B-8B53-4C2E-8652-899EC7268123}.Debug|x64.ActiveCfg = Debug|x64
		{963CAD8B-8B53-4C2E-8652-899EC7268123}.Debug|x64.Build.0 = Debug|x64
		{963CAD8B-8B53-4C2E-8652-899EC7268123}.Debug|x86.ActiveCfg = Debug|Win32
		{963CAD8B-8B53-4C2E-8652-899EC7268123}.Debug|x86.Build.0 = Debug|Win32
		{963CAD8B-8B53-4C2E-8652-899EC7268123}.Release|x64.ActiveCfg = Release|x64
		{963CAD8B-8B53-4C2E-8652-899EC7268123}.Release|x64.Build.0 = Release|x64
		{963CAD8B-8B53-4C2E-8652-899EC7268123}.Release|x86.ActiveCfg = Release|Win32
		{963CAD8B-8B53-4C2E-8652-899EC7268123}.Release|x86.Build.0 = Release|Win32
	EndGlobalSection
	GlobalSection(SolutionProperties) = preSolution
		HideSolutionNode = FALSE
	EndGlobalSection
	GlobalSection(ExtensibilityGlobals) = postSolution
		SolutionGuid = {959CABFA-4F77-4710-B0E2-3A2CC4C51082}
	EndGlobalSection
EndGlobal
